// !$*UTF8*$!
{
	archiveVersion = 1;
	classes = {
	};
	objectVersion = 56;
	objects = {

/* Begin PBXBuildFile section */
		C643B51B297DD9F800532FEF /* HomeViewController.storyboard in Resources */ = {isa = PBXBuildFile; fileRef = C643B51A297DD9F800532FEF /* HomeViewController.storyboard */; };
		C643B51E297DDBCF00532FEF /* HomeProvider.swift in Sources */ = {isa = PBXBuildFile; fileRef = C643B51D297DDBCF00532FEF /* HomeProvider.swift */; };
		C643B520297FF17100532FEF /* HomePresenter.swift in Sources */ = {isa = PBXBuildFile; fileRef = C643B51F297FF17100532FEF /* HomePresenter.swift */; };
		C661E3772978762200929331 /* ChannelModel.swift in Sources */ = {isa = PBXBuildFile; fileRef = C661E3762978762200929331 /* ChannelModel.swift */; };
		C661E3792978765400929331 /* PlaylistItemsModel.swift in Sources */ = {isa = PBXBuildFile; fileRef = C661E3782978765400929331 /* PlaylistItemsModel.swift */; };
		C661E37C2978834600929331 /* RootPageViewController.swift in Sources */ = {isa = PBXBuildFile; fileRef = C661E37B2978834600929331 /* RootPageViewController.swift */; };
		C661E37E2978835F00929331 /* MainViewViewController.swift in Sources */ = {isa = PBXBuildFile; fileRef = C661E37D2978835F00929331 /* MainViewViewController.swift */; };
		C661E3862979684D00929331 /* HomeViewController.swift in Sources */ = {isa = PBXBuildFile; fileRef = C661E3842979684D00929331 /* HomeViewController.swift */; };
		C661E38A2979686100929331 /* VideosViewController.swift in Sources */ = {isa = PBXBuildFile; fileRef = C661E3882979686100929331 /* VideosViewController.swift */; };
		C661E38B2979686100929331 /* VideosViewController.xib in Resources */ = {isa = PBXBuildFile; fileRef = C661E3892979686100929331 /* VideosViewController.xib */; };
		C661E38E2979686D00929331 /* PlaylistsViewController.swift in Sources */ = {isa = PBXBuildFile; fileRef = C661E38C2979686D00929331 /* PlaylistsViewController.swift */; };
		C661E38F2979686D00929331 /* PlaylistsViewController.xib in Resources */ = {isa = PBXBuildFile; fileRef = C661E38D2979686D00929331 /* PlaylistsViewController.xib */; };
		C661E3922979688200929331 /* ChannelViewController.swift in Sources */ = {isa = PBXBuildFile; fileRef = C661E3902979688200929331 /* ChannelViewController.swift */; };
		C661E3932979688200929331 /* ChannelViewController.xib in Resources */ = {isa = PBXBuildFile; fileRef = C661E3912979688200929331 /* ChannelViewController.xib */; };
		C661E3962979689B00929331 /* AboutViewController.swift in Sources */ = {isa = PBXBuildFile; fileRef = C661E3942979689B00929331 /* AboutViewController.swift */; };
		C661E3972979689B00929331 /* AboutViewController.xib in Resources */ = {isa = PBXBuildFile; fileRef = C661E3952979689B00929331 /* AboutViewController.xib */; };
		C661E39A297BB9C800929331 /* ServiceLayer.swift in Sources */ = {isa = PBXBuildFile; fileRef = C661E399297BB9C800929331 /* ServiceLayer.swift */; };
		C661E39C297BB9DA00929331 /* NetworkError.swift in Sources */ = {isa = PBXBuildFile; fileRef = C661E39B297BB9DA00929331 /* NetworkError.swift */; };
		C661E39E297BBA3500929331 /* RequestModel.swift in Sources */ = {isa = PBXBuildFile; fileRef = C661E39D297BBA3500929331 /* RequestModel.swift */; };
		C661E3A1297BBD7500929331 /* Constants.swift in Sources */ = {isa = PBXBuildFile; fileRef = C661E3A0297BBD7500929331 /* Constants.swift */; };
		C69FB6E929950632008A7016 /* HomeProviderMock.swift in Sources */ = {isa = PBXBuildFile; fileRef = C69FB6E829950632008A7016 /* HomeProviderMock.swift */; };
		C69FB6EC299508ED008A7016 /* Utils.swift in Sources */ = {isa = PBXBuildFile; fileRef = C69FB6EB299508ED008A7016 /* Utils.swift */; };
		C69FB6EE29950A8D008A7016 /* Channel.json in Resources */ = {isa = PBXBuildFile; fileRef = C69FB6ED29950A8D008A7016 /* Channel.json */; };
		C69FB6F029950A9C008A7016 /* Playlists.json in Resources */ = {isa = PBXBuildFile; fileRef = C69FB6EF29950A9C008A7016 /* Playlists.json */; };
		C69FB6F229950AA7008A7016 /* PlaylistsItems.json in Resources */ = {isa = PBXBuildFile; fileRef = C69FB6F129950AA7008A7016 /* PlaylistsItems.json */; };
		C69FB6F429950AB3008A7016 /* SearchVideos.json in Resources */ = {isa = PBXBuildFile; fileRef = C69FB6F329950AB3008A7016 /* SearchVideos.json */; };
		C69FB6F62999236F008A7016 /* VideoOnlyOne.json in Sources */ = {isa = PBXBuildFile; fileRef = C69FB6F52999236F008A7016 /* VideoOnlyOne.json */; };
		C6CA442C29ACC00C0072B05B /* MockManager.swift in Sources */ = {isa = PBXBuildFile; fileRef = C6CA442B29ACC00C0072B05B /* MockManager.swift */; };
		C6FC201F2976FD19006D262A /* AppDelegate.swift in Sources */ = {isa = PBXBuildFile; fileRef = C6FC201E2976FD19006D262A /* AppDelegate.swift */; };
		C6FC20212976FD19006D262A /* SceneDelegate.swift in Sources */ = {isa = PBXBuildFile; fileRef = C6FC20202976FD19006D262A /* SceneDelegate.swift */; };
		C6FC20232976FD19006D262A /* ViewController.swift in Sources */ = {isa = PBXBuildFile; fileRef = C6FC20222976FD19006D262A /* ViewController.swift */; };
		C6FC20262976FD19006D262A /* Main.storyboard in Resources */ = {isa = PBXBuildFile; fileRef = C6FC20242976FD19006D262A /* Main.storyboard */; };
		C6FC20282976FD1B006D262A /* Assets.xcassets in Resources */ = {isa = PBXBuildFile; fileRef = C6FC20272976FD1B006D262A /* Assets.xcassets */; };
		C6FC202B2976FD1B006D262A /* LaunchScreen.storyboard in Resources */ = {isa = PBXBuildFile; fileRef = C6FC20292976FD1B006D262A /* LaunchScreen.storyboard */; };
		C6FC2034297709AE006D262A /* PlaylistModel.swift in Sources */ = {isa = PBXBuildFile; fileRef = C6FC2033297709AE006D262A /* PlaylistModel.swift */; };
		C6FC203629786E76006D262A /* VideoModel.swift in Sources */ = {isa = PBXBuildFile; fileRef = C6FC203529786E76006D262A /* VideoModel.swift */; };
/* End PBXBuildFile section */

/* Begin PBXFileReference section */
		C643B51A297DD9F800532FEF /* HomeViewController.storyboard */ = {isa = PBXFileReference; lastKnownFileType = file.storyboard; path = HomeViewController.storyboard; sourceTree = "<group>"; };
		C643B51D297DDBCF00532FEF /* HomeProvider.swift */ = {isa = PBXFileReference; lastKnownFileType = sourcecode.swift; path = HomeProvider.swift; sourceTree = "<group>"; };
		C643B51F297FF17100532FEF /* HomePresenter.swift */ = {isa = PBXFileReference; lastKnownFileType = sourcecode.swift; path = HomePresenter.swift; sourceTree = "<group>"; };
		C661E3762978762200929331 /* ChannelModel.swift */ = {isa = PBXFileReference; lastKnownFileType = sourcecode.swift; path = ChannelModel.swift; sourceTree = "<group>"; };
		C661E3782978765400929331 /* PlaylistItemsModel.swift */ = {isa = PBXFileReference; lastKnownFileType = sourcecode.swift; path = PlaylistItemsModel.swift; sourceTree = "<group>"; };
		C661E37B2978834600929331 /* RootPageViewController.swift */ = {isa = PBXFileReference; lastKnownFileType = sourcecode.swift; path = RootPageViewController.swift; sourceTree = "<group>"; };
		C661E37D2978835F00929331 /* MainViewViewController.swift */ = {isa = PBXFileReference; lastKnownFileType = sourcecode.swift; path = MainViewViewController.swift; sourceTree = "<group>"; };
		C661E3842979684D00929331 /* HomeViewController.swift */ = {isa = PBXFileReference; lastKnownFileType = sourcecode.swift; path = HomeViewController.swift; sourceTree = "<group>"; };
		C661E3882979686100929331 /* VideosViewController.swift */ = {isa = PBXFileReference; lastKnownFileType = sourcecode.swift; path = VideosViewController.swift; sourceTree = "<group>"; };
		C661E3892979686100929331 /* VideosViewController.xib */ = {isa = PBXFileReference; lastKnownFileType = file.xib; path = VideosViewController.xib; sourceTree = "<group>"; };
		C661E38C2979686D00929331 /* PlaylistsViewController.swift */ = {isa = PBXFileReference; lastKnownFileType = sourcecode.swift; path = PlaylistsViewController.swift; sourceTree = "<group>"; };
		C661E38D2979686D00929331 /* PlaylistsViewController.xib */ = {isa = PBXFileReference; lastKnownFileType = file.xib; path = PlaylistsViewController.xib; sourceTree = "<group>"; };
		C661E3902979688200929331 /* ChannelViewController.swift */ = {isa = PBXFileReference; lastKnownFileType = sourcecode.swift; path = ChannelViewController.swift; sourceTree = "<group>"; };
		C661E3912979688200929331 /* ChannelViewController.xib */ = {isa = PBXFileReference; lastKnownFileType = file.xib; path = ChannelViewController.xib; sourceTree = "<group>"; };
		C661E3942979689B00929331 /* AboutViewController.swift */ = {isa = PBXFileReference; lastKnownFileType = sourcecode.swift; path = AboutViewController.swift; sourceTree = "<group>"; };
		C661E3952979689B00929331 /* AboutViewController.xib */ = {isa = PBXFileReference; lastKnownFileType = file.xib; path = AboutViewController.xib; sourceTree = "<group>"; };
		C661E399297BB9C800929331 /* ServiceLayer.swift */ = {isa = PBXFileReference; lastKnownFileType = sourcecode.swift; path = ServiceLayer.swift; sourceTree = "<group>"; };
		C661E39B297BB9DA00929331 /* NetworkError.swift */ = {isa = PBXFileReference; lastKnownFileType = sourcecode.swift; path = NetworkError.swift; sourceTree = "<group>"; };
		C661E39D297BBA3500929331 /* RequestModel.swift */ = {isa = PBXFileReference; lastKnownFileType = sourcecode.swift; path = RequestModel.swift; sourceTree = "<group>"; };
		C661E3A0297BBD7500929331 /* Constants.swift */ = {isa = PBXFileReference; lastKnownFileType = sourcecode.swift; path = Constants.swift; sourceTree = "<group>"; };
		C69FB6E829950632008A7016 /* HomeProviderMock.swift */ = {isa = PBXFileReference; lastKnownFileType = sourcecode.swift; path = HomeProviderMock.swift; sourceTree = "<group>"; };
		C69FB6EB299508ED008A7016 /* Utils.swift */ = {isa = PBXFileReference; lastKnownFileType = sourcecode.swift; path = Utils.swift; sourceTree = "<group>"; };
		C69FB6ED29950A8D008A7016 /* Channel.json */ = {isa = PBXFileReference; lastKnownFileType = text.json; path = Channel.json; sourceTree = "<group>"; };
		C69FB6EF29950A9C008A7016 /* Playlists.json */ = {isa = PBXFileReference; lastKnownFileType = text.json; path = Playlists.json; sourceTree = "<group>"; };
		C69FB6F129950AA7008A7016 /* PlaylistsItems.json */ = {isa = PBXFileReference; lastKnownFileType = text.json; path = PlaylistsItems.json; sourceTree = "<group>"; };
		C69FB6F329950AB3008A7016 /* SearchVideos.json */ = {isa = PBXFileReference; lastKnownFileType = text.json; path = SearchVideos.json; sourceTree = "<group>"; };
		C69FB6F52999236F008A7016 /* VideoOnlyOne.json */ = {isa = PBXFileReference; lastKnownFileType = text.json; path = VideoOnlyOne.json; sourceTree = "<group>"; };
		C6CA442B29ACC00C0072B05B /* MockManager.swift */ = {isa = PBXFileReference; lastKnownFileType = sourcecode.swift; path = MockManager.swift; sourceTree = "<group>"; };
		C6FC201B2976FD19006D262A /* youtubeClon.app */ = {isa = PBXFileReference; explicitFileType = wrapper.application; includeInIndex = 0; path = youtubeClon.app; sourceTree = BUILT_PRODUCTS_DIR; };
		C6FC201E2976FD19006D262A /* AppDelegate.swift */ = {isa = PBXFileReference; lastKnownFileType = sourcecode.swift; path = AppDelegate.swift; sourceTree = "<group>"; };
		C6FC20202976FD19006D262A /* SceneDelegate.swift */ = {isa = PBXFileReference; lastKnownFileType = sourcecode.swift; path = SceneDelegate.swift; sourceTree = "<group>"; };
		C6FC20222976FD19006D262A /* ViewController.swift */ = {isa = PBXFileReference; lastKnownFileType = sourcecode.swift; path = ViewController.swift; sourceTree = "<group>"; };
		C6FC20252976FD19006D262A /* Base */ = {isa = PBXFileReference; lastKnownFileType = file.storyboard; name = Base; path = Base.lproj/Main.storyboard; sourceTree = "<group>"; };
		C6FC20272976FD1B006D262A /* Assets.xcassets */ = {isa = PBXFileReference; lastKnownFileType = folder.assetcatalog; path = Assets.xcassets; sourceTree = "<group>"; };
		C6FC202A2976FD1B006D262A /* Base */ = {isa = PBXFileReference; lastKnownFileType = file.storyboard; name = Base; path = Base.lproj/LaunchScreen.storyboard; sourceTree = "<group>"; };
		C6FC202C2976FD1B006D262A /* Info.plist */ = {isa = PBXFileReference; lastKnownFileType = text.plist.xml; path = Info.plist; sourceTree = "<group>"; };
		C6FC2033297709AE006D262A /* PlaylistModel.swift */ = {isa = PBXFileReference; lastKnownFileType = sourcecode.swift; path = PlaylistModel.swift; sourceTree = "<group>"; };
		C6FC203529786E76006D262A /* VideoModel.swift */ = {isa = PBXFileReference; lastKnownFileType = sourcecode.swift; path = VideoModel.swift; sourceTree = "<group>"; };
/* End PBXFileReference section */

/* Begin PBXFrameworksBuildPhase section */
		C6FC20182976FD19006D262A /* Frameworks */ = {
			isa = PBXFrameworksBuildPhase;
			buildActionMask = 2147483647;
			files = (
			);
			runOnlyForDeploymentPostprocessing = 0;
		};
/* End PBXFrameworksBuildPhase section */

/* Begin PBXGroup section */
		C643B51C297DDBBF00532FEF /* Provider */ = {
			isa = PBXGroup;
			children = (
				C643B51D297DDBCF00532FEF /* HomeProvider.swift */,
				C69FB6E829950632008A7016 /* HomeProviderMock.swift */,
			);
			path = Provider;
			sourceTree = "<group>";
		};
		C661E37A2978832800929331 /* Main */ = {
			isa = PBXGroup;
			children = (
				C661E37B2978834600929331 /* RootPageViewController.swift */,
				C661E37D2978835F00929331 /* MainViewViewController.swift */,
			);
			path = Main;
			sourceTree = "<group>";
		};
		C661E37F297967FA00929331 /* About */ = {
			isa = PBXGroup;
			children = (
				C661E3942979689B00929331 /* AboutViewController.swift */,
				C661E3952979689B00929331 /* AboutViewController.xib */,
			);
			path = About;
			sourceTree = "<group>";
		};
		C661E3802979680100929331 /* Channels */ = {
			isa = PBXGroup;
			children = (
				C661E3902979688200929331 /* ChannelViewController.swift */,
				C661E3912979688200929331 /* ChannelViewController.xib */,
			);
			path = Channels;
			sourceTree = "<group>";
		};
		C661E3812979680900929331 /* Playlists */ = {
			isa = PBXGroup;
			children = (
				C661E38C2979686D00929331 /* PlaylistsViewController.swift */,
				C661E38D2979686D00929331 /* PlaylistsViewController.xib */,
			);
			path = Playlists;
			sourceTree = "<group>";
		};
		C661E3822979681900929331 /* Videos */ = {
			isa = PBXGroup;
			children = (
				C661E3882979686100929331 /* VideosViewController.swift */,
				C661E3892979686100929331 /* VideosViewController.xib */,
			);
			path = Videos;
			sourceTree = "<group>";
		};
		C661E3832979682000929331 /* Home */ = {
			isa = PBXGroup;
			children = (
				C661E3A4297DD84D00929331 /* Presenter */,
				C661E3A3297DD84400929331 /* View */,
				C661E3A2297DD83200929331 /* Model */,
			);
			path = Home;
			sourceTree = "<group>";
		};
		C661E398297BB99300929331 /* ServiceLayer */ = {
			isa = PBXGroup;
			children = (
				C661E399297BB9C800929331 /* ServiceLayer.swift */,
				C661E39D297BBA3500929331 /* RequestModel.swift */,
				C661E39B297BB9DA00929331 /* NetworkError.swift */,
			);
			path = ServiceLayer;
			sourceTree = "<group>";
		};
		C661E39F297BBD6800929331 /* Utils */ = {
			isa = PBXGroup;
			children = (
				C69FB6EA2995066A008A7016 /* Mock */,
				C69FB6EB299508ED008A7016 /* Utils.swift */,
				C661E3A0297BBD7500929331 /* Constants.swift */,
				C6CA442B29ACC00C0072B05B /* MockManager.swift */,
			);
			path = Utils;
			sourceTree = "<group>";
		};
		C661E3A2297DD83200929331 /* Model */ = {
			isa = PBXGroup;
			children = (
				C643B51C297DDBBF00532FEF /* Provider */,
			);
			path = Model;
			sourceTree = "<group>";
		};
		C661E3A3297DD84400929331 /* View */ = {
			isa = PBXGroup;
			children = (
				C661E3842979684D00929331 /* HomeViewController.swift */,
				C643B51A297DD9F800532FEF /* HomeViewController.storyboard */,
			);
			path = View;
			sourceTree = "<group>";
		};
		C661E3A4297DD84D00929331 /* Presenter */ = {
			isa = PBXGroup;
			children = (
				C643B51F297FF17100532FEF /* HomePresenter.swift */,
			);
			path = Presenter;
			sourceTree = "<group>";
		};
		C69FB6EA2995066A008A7016 /* Mock */ = {
			isa = PBXGroup;
			children = (
				C69FB6ED29950A8D008A7016 /* Channel.json */,
				C69FB6EF29950A9C008A7016 /* Playlists.json */,
				C69FB6F129950AA7008A7016 /* PlaylistsItems.json */,
				C69FB6F329950AB3008A7016 /* SearchVideos.json */,
				C69FB6F52999236F008A7016 /* VideoOnlyOne.json */,
			);
			path = Mock;
			sourceTree = "<group>";
		};
		C6FC20122976FD19006D262A = {
			isa = PBXGroup;
			children = (
				C6FC201D2976FD19006D262A /* youtubeClon */,
				C6FC201C2976FD19006D262A /* Products */,
			);
			sourceTree = "<group>";
		};
		C6FC201C2976FD19006D262A /* Products */ = {
			isa = PBXGroup;
			children = (
				C6FC201B2976FD19006D262A /* youtubeClon.app */,
			);
			name = Products;
			sourceTree = "<group>";
		};
		C6FC201D2976FD19006D262A /* youtubeClon */ = {
			isa = PBXGroup;
			children = (
				C661E39F297BBD6800929331 /* Utils */,
				C661E398297BB99300929331 /* ServiceLayer */,
				C661E3832979682000929331 /* Home */,
				C661E3822979681900929331 /* Videos */,
				C661E3812979680900929331 /* Playlists */,
				C661E3802979680100929331 /* Channels */,
				C661E37F297967FA00929331 /* About */,
				C661E37A2978832800929331 /* Main */,
				C6FC203229770993006D262A /* Model */,
				C6FC201E2976FD19006D262A /* AppDelegate.swift */,
				C6FC20202976FD19006D262A /* SceneDelegate.swift */,
				C6FC20222976FD19006D262A /* ViewController.swift */,
				C6FC20242976FD19006D262A /* Main.storyboard */,
				C6FC20272976FD1B006D262A /* Assets.xcassets */,
				C6FC20292976FD1B006D262A /* LaunchScreen.storyboard */,
				C6FC202C2976FD1B006D262A /* Info.plist */,
			);
			path = youtubeClon;
			sourceTree = "<group>";
		};
		C6FC203229770993006D262A /* Model */ = {
			isa = PBXGroup;
			children = (
				C6FC2033297709AE006D262A /* PlaylistModel.swift */,
				C6FC203529786E76006D262A /* VideoModel.swift */,
				C661E3762978762200929331 /* ChannelModel.swift */,
				C661E3782978765400929331 /* PlaylistItemsModel.swift */,
			);
			path = Model;
			sourceTree = "<group>";
		};
/* End PBXGroup section */

/* Begin PBXNativeTarget section */
		C6FC201A2976FD19006D262A /* youtubeClon */ = {
			isa = PBXNativeTarget;
			buildConfigurationList = C6FC202F2976FD1B006D262A /* Build configuration list for PBXNativeTarget "youtubeClon" */;
			buildPhases = (
				C6FC20172976FD19006D262A /* Sources */,
				C6FC20182976FD19006D262A /* Frameworks */,
				C6FC20192976FD19006D262A /* Resources */,
			);
			buildRules = (
			);
			dependencies = (
			);
			name = youtubeClon;
			productName = youtubeClon;
			productReference = C6FC201B2976FD19006D262A /* youtubeClon.app */;
			productType = "com.apple.product-type.application";
		};
/* End PBXNativeTarget section */

/* Begin PBXProject section */
		C6FC20132976FD19006D262A /* Project object */ = {
			isa = PBXProject;
			attributes = {
				BuildIndependentTargetsInParallel = 1;
				LastSwiftUpdateCheck = 1420;
				LastUpgradeCheck = 1420;
				TargetAttributes = {
					C6FC201A2976FD19006D262A = {
						CreatedOnToolsVersion = 14.2;
					};
				};
			};
			buildConfigurationList = C6FC20162976FD19006D262A /* Build configuration list for PBXProject "youtubeClon" */;
			compatibilityVersion = "Xcode 14.0";
			developmentRegion = en;
			hasScannedForEncodings = 0;
			knownRegions = (
				en,
				Base,
			);
			mainGroup = C6FC20122976FD19006D262A;
			productRefGroup = C6FC201C2976FD19006D262A /* Products */;
			projectDirPath = "";
			projectRoot = "";
			targets = (
				C6FC201A2976FD19006D262A /* youtubeClon */,
			);
		};
/* End PBXProject section */

/* Begin PBXResourcesBuildPhase section */
		C6FC20192976FD19006D262A /* Resources */ = {
			isa = PBXResourcesBuildPhase;
			buildActionMask = 2147483647;
			files = (
				C661E38F2979686D00929331 /* PlaylistsViewController.xib in Resources */,
				C69FB6EE29950A8D008A7016 /* Channel.json in Resources */,
				C6FC202B2976FD1B006D262A /* LaunchScreen.storyboard in Resources */,
				C661E3972979689B00929331 /* AboutViewController.xib in Resources */,
				C6FC20282976FD1B006D262A /* Assets.xcassets in Resources */,
				C69FB6F429950AB3008A7016 /* SearchVideos.json in Resources */,
				C643B51B297DD9F800532FEF /* HomeViewController.storyboard in Resources */,
				C661E38B2979686100929331 /* VideosViewController.xib in Resources */,
				C6FC20262976FD19006D262A /* Main.storyboard in Resources */,
				C69FB6F229950AA7008A7016 /* PlaylistsItems.json in Resources */,
				C661E3932979688200929331 /* ChannelViewController.xib in Resources */,
				C69FB6F029950A9C008A7016 /* Playlists.json in Resources */,
			);
			runOnlyForDeploymentPostprocessing = 0;
		};
/* End PBXResourcesBuildPhase section */

/* Begin PBXSourcesBuildPhase section */
		C6FC20172976FD19006D262A /* Sources */ = {
			isa = PBXSourcesBuildPhase;
			buildActionMask = 2147483647;
			files = (
				C6FC20232976FD19006D262A /* ViewController.swift in Sources */,
				C661E39C297BB9DA00929331 /* NetworkError.swift in Sources */,
				C661E3772978762200929331 /* ChannelModel.swift in Sources */,
				C643B520297FF17100532FEF /* HomePresenter.swift in Sources */,
				C661E38A2979686100929331 /* VideosViewController.swift in Sources */,
				C6FC2034297709AE006D262A /* PlaylistModel.swift in Sources */,
				C69FB6E929950632008A7016 /* HomeProviderMock.swift in Sources */,
				C69FB6EC299508ED008A7016 /* Utils.swift in Sources */,
				C661E38E2979686D00929331 /* PlaylistsViewController.swift in Sources */,
				C6CA442C29ACC00C0072B05B /* MockManager.swift in Sources */,
				C661E39E297BBA3500929331 /* RequestModel.swift in Sources */,
				C661E3922979688200929331 /* ChannelViewController.swift in Sources */,
				C661E3792978765400929331 /* PlaylistItemsModel.swift in Sources */,
				C661E37E2978835F00929331 /* MainViewViewController.swift in Sources */,
				C661E3862979684D00929331 /* HomeViewController.swift in Sources */,
				C643B51E297DDBCF00532FEF /* HomeProvider.swift in Sources */,
				C69FB6F62999236F008A7016 /* VideoOnlyOne.json in Sources */,
				C6FC201F2976FD19006D262A /* AppDelegate.swift in Sources */,
				C661E39A297BB9C800929331 /* ServiceLayer.swift in Sources */,
				C661E3962979689B00929331 /* AboutViewController.swift in Sources */,
				C6FC203629786E76006D262A /* VideoModel.swift in Sources */,
				C6FC20212976FD19006D262A /* SceneDelegate.swift in Sources */,
				C661E37C2978834600929331 /* RootPageViewController.swift in Sources */,
				C661E3A1297BBD7500929331 /* Constants.swift in Sources */,
			);
			runOnlyForDeploymentPostprocessing = 0;
		};
/* End PBXSourcesBuildPhase section */

/* Begin PBXVariantGroup section */
		C6FC20242976FD19006D262A /* Main.storyboard */ = {
			isa = PBXVariantGroup;
			children = (
				C6FC20252976FD19006D262A /* Base */,
			);
			name = Main.storyboard;
			sourceTree = "<group>";
		};
		C6FC20292976FD1B006D262A /* LaunchScreen.storyboard */ = {
			isa = PBXVariantGroup;
			children = (
				C6FC202A2976FD1B006D262A /* Base */,
			);
			name = LaunchScreen.storyboard;
			sourceTree = "<group>";
		};
/* End PBXVariantGroup section */

/* Begin XCBuildConfiguration section */
		C6FC202D2976FD1B006D262A /* Debug */ = {
			isa = XCBuildConfiguration;
			buildSettings = {
				ALWAYS_SEARCH_USER_PATHS = NO;
				CLANG_ANALYZER_NONNULL = YES;
				CLANG_ANALYZER_NUMBER_OBJECT_CONVERSION = YES_AGGRESSIVE;
				CLANG_CXX_LANGUAGE_STANDARD = "gnu++20";
				CLANG_ENABLE_MODULES = YES;
				CLANG_ENABLE_OBJC_ARC = YES;
				CLANG_ENABLE_OBJC_WEAK = YES;
				CLANG_WARN_BLOCK_CAPTURE_AUTORELEASING = YES;
				CLANG_WARN_BOOL_CONVERSION = YES;
				CLANG_WARN_COMMA = YES;
				CLANG_WARN_CONSTANT_CONVERSION = YES;
				CLANG_WARN_DEPRECATED_OBJC_IMPLEMENTATIONS = YES;
				CLANG_WARN_DIRECT_OBJC_ISA_USAGE = YES_ERROR;
				CLANG_WARN_DOCUMENTATION_COMMENTS = YES;
				CLANG_WARN_EMPTY_BODY = YES;
				CLANG_WARN_ENUM_CONVERSION = YES;
				CLANG_WARN_INFINITE_RECURSION = YES;
				CLANG_WARN_INT_CONVERSION = YES;
				CLANG_WARN_NON_LITERAL_NULL_CONVERSION = YES;
				CLANG_WARN_OBJC_IMPLICIT_RETAIN_SELF = YES;
				CLANG_WARN_OBJC_LITERAL_CONVERSION = YES;
				CLANG_WARN_OBJC_ROOT_CLASS = YES_ERROR;
				CLANG_WARN_QUOTED_INCLUDE_IN_FRAMEWORK_HEADER = YES;
				CLANG_WARN_RANGE_LOOP_ANALYSIS = YES;
				CLANG_WARN_STRICT_PROTOTYPES = YES;
				CLANG_WARN_SUSPICIOUS_MOVE = YES;
				CLANG_WARN_UNGUARDED_AVAILABILITY = YES_AGGRESSIVE;
				CLANG_WARN_UNREACHABLE_CODE = YES;
				CLANG_WARN__DUPLICATE_METHOD_MATCH = YES;
				COPY_PHASE_STRIP = NO;
				DEBUG_INFORMATION_FORMAT = dwarf;
				ENABLE_STRICT_OBJC_MSGSEND = YES;
				ENABLE_TESTABILITY = YES;
				GCC_C_LANGUAGE_STANDARD = gnu11;
				GCC_DYNAMIC_NO_PIC = NO;
				GCC_NO_COMMON_BLOCKS = YES;
				GCC_OPTIMIZATION_LEVEL = 0;
				GCC_PREPROCESSOR_DEFINITIONS = (
					"DEBUG=1",
					"$(inherited)",
				);
				GCC_WARN_64_TO_32_BIT_CONVERSION = YES;
				GCC_WARN_ABOUT_RETURN_TYPE = YES_ERROR;
				GCC_WARN_UNDECLARED_SELECTOR = YES;
				GCC_WARN_UNINITIALIZED_AUTOS = YES_AGGRESSIVE;
				GCC_WARN_UNUSED_FUNCTION = YES;
				GCC_WARN_UNUSED_VARIABLE = YES;
				IPHONEOS_DEPLOYMENT_TARGET = 16.2;
				MTL_ENABLE_DEBUG_INFO = INCLUDE_SOURCE;
				MTL_FAST_MATH = YES;
				ONLY_ACTIVE_ARCH = YES;
				SDKROOT = iphoneos;
				SWIFT_ACTIVE_COMPILATION_CONDITIONS = DEBUG;
				SWIFT_OPTIMIZATION_LEVEL = "-Onone";
			};
			name = Debug;
		};
		C6FC202E2976FD1B006D262A /* Release */ = {
			isa = XCBuildConfiguration;
			buildSettings = {
				ALWAYS_SEARCH_USER_PATHS = NO;
				CLANG_ANALYZER_NONNULL = YES;
				CLANG_ANALYZER_NUMBER_OBJECT_CONVERSION = YES_AGGRESSIVE;
				CLANG_CXX_LANGUAGE_STANDARD = "gnu++20";
				CLANG_ENABLE_MODULES = YES;
				CLANG_ENABLE_OBJC_ARC = YES;
				CLANG_ENABLE_OBJC_WEAK = YES;
				CLANG_WARN_BLOCK_CAPTURE_AUTORELEASING = YES;
				CLANG_WARN_BOOL_CONVERSION = YES;
				CLANG_WARN_COMMA = YES;
				CLANG_WARN_CONSTANT_CONVERSION = YES;
				CLANG_WARN_DEPRECATED_OBJC_IMPLEMENTATIONS = YES;
				CLANG_WARN_DIRECT_OBJC_ISA_USAGE = YES_ERROR;
				CLANG_WARN_DOCUMENTATION_COMMENTS = YES;
				CLANG_WARN_EMPTY_BODY = YES;
				CLANG_WARN_ENUM_CONVERSION = YES;
				CLANG_WARN_INFINITE_RECURSION = YES;
				CLANG_WARN_INT_CONVERSION = YES;
				CLANG_WARN_NON_LITERAL_NULL_CONVERSION = YES;
				CLANG_WARN_OBJC_IMPLICIT_RETAIN_SELF = YES;
				CLANG_WARN_OBJC_LITERAL_CONVERSION = YES;
				CLANG_WARN_OBJC_ROOT_CLASS = YES_ERROR;
				CLANG_WARN_QUOTED_INCLUDE_IN_FRAMEWORK_HEADER = YES;
				CLANG_WARN_RANGE_LOOP_ANALYSIS = YES;
				CLANG_WARN_STRICT_PROTOTYPES = YES;
				CLANG_WARN_SUSPICIOUS_MOVE = YES;
				CLANG_WARN_UNGUARDED_AVAILABILITY = YES_AGGRESSIVE;
				CLANG_WARN_UNREACHABLE_CODE = YES;
				CLANG_WARN__DUPLICATE_METHOD_MATCH = YES;
				COPY_PHASE_STRIP = NO;
				DEBUG_INFORMATION_FORMAT = "dwarf-with-dsym";
				ENABLE_NS_ASSERTIONS = NO;
				ENABLE_STRICT_OBJC_MSGSEND = YES;
				GCC_C_LANGUAGE_STANDARD = gnu11;
				GCC_NO_COMMON_BLOCKS = YES;
				GCC_WARN_64_TO_32_BIT_CONVERSION = YES;
				GCC_WARN_ABOUT_RETURN_TYPE = YES_ERROR;
				GCC_WARN_UNDECLARED_SELECTOR = YES;
				GCC_WARN_UNINITIALIZED_AUTOS = YES_AGGRESSIVE;
				GCC_WARN_UNUSED_FUNCTION = YES;
				GCC_WARN_UNUSED_VARIABLE = YES;
				IPHONEOS_DEPLOYMENT_TARGET = 16.2;
				MTL_ENABLE_DEBUG_INFO = NO;
				MTL_FAST_MATH = YES;
				SDKROOT = iphoneos;
				SWIFT_COMPILATION_MODE = wholemodule;
				SWIFT_OPTIMIZATION_LEVEL = "-O";
				VALIDATE_PRODUCT = YES;
			};
			name = Release;
		};
		C6FC20302976FD1B006D262A /* Debug */ = {
			isa = XCBuildConfiguration;
			buildSettings = {
				ASSETCATALOG_COMPILER_APPICON_NAME = AppIcon;
				ASSETCATALOG_COMPILER_GLOBAL_ACCENT_COLOR_NAME = AccentColor;
				CODE_SIGN_STYLE = Automatic;
				CURRENT_PROJECT_VERSION = 1;
				GENERATE_INFOPLIST_FILE = YES;
				INFOPLIST_FILE = youtubeClon/Info.plist;
				INFOPLIST_KEY_UIApplicationSupportsIndirectInputEvents = YES;
				INFOPLIST_KEY_UILaunchStoryboardName = LaunchScreen.storyboard;
				INFOPLIST_KEY_UIMainStoryboardFile = Main;
				INFOPLIST_KEY_UISupportedInterfaceOrientations_iPad = "UIInterfaceOrientationPortrait UIInterfaceOrientationPortraitUpsideDown UIInterfaceOrientationLandscapeLeft UIInterfaceOrientationLandscapeRight";
				INFOPLIST_KEY_UISupportedInterfaceOrientations_iPhone = "UIInterfaceOrientationPortrait UIInterfaceOrientationLandscapeLeft UIInterfaceOrientationLandscapeRight";
				LD_RUNPATH_SEARCH_PATHS = (
					"$(inherited)",
					"@executable_path/Frameworks",
				);
				MARKETING_VERSION = 1.0;
				PRODUCT_BUNDLE_IDENTIFIER = com.elduverx.youtubeClon;
				PRODUCT_NAME = "$(TARGET_NAME)";
				SWIFT_EMIT_LOC_STRINGS = YES;
				SWIFT_VERSION = 5.0;
				TARGETED_DEVICE_FAMILY = "1,2";
			};
			name = Debug;
		};
		C6FC20312976FD1B006D262A /* Release */ = {
			isa = XCBuildConfiguration;
			buildSettings = {
				ASSETCATALOG_COMPILER_APPICON_NAME = AppIcon;
				ASSETCATALOG_COMPILER_GLOBAL_ACCENT_COLOR_NAME = AccentColor;
				CODE_SIGN_STYLE = Automatic;
				CURRENT_PROJECT_VERSION = 1;
				GENERATE_INFOPLIST_FILE = YES;
				INFOPLIST_FILE = youtubeClon/Info.plist;
				INFOPLIST_KEY_UIApplicationSupportsIndirectInputEvents = YES;
				INFOPLIST_KEY_UILaunchStoryboardName = LaunchScreen.storyboard;
				INFOPLIST_KEY_UIMainStoryboardFile = Main;
				INFOPLIST_KEY_UISupportedInterfaceOrientations_iPad = "UIInterfaceOrientationPortrait UIInterfaceOrientationPortraitUpsideDown UIInterfaceOrientationLandscapeLeft UIInterfaceOrientationLandscapeRight";
				INFOPLIST_KEY_UISupportedInterfaceOrientations_iPhone = "UIInterfaceOrientationPortrait UIInterfaceOrientationLandscapeLeft UIInterfaceOrientationLandscapeRight";
				LD_RUNPATH_SEARCH_PATHS = (
					"$(inherited)",
					"@executable_path/Frameworks",
				);
				MARKETING_VERSION = 1.0;
				PRODUCT_BUNDLE_IDENTIFIER = com.elduverx.youtubeClon;
				PRODUCT_NAME = "$(TARGET_NAME)";
				SWIFT_EMIT_LOC_STRINGS = YES;
				SWIFT_VERSION = 5.0;
				TARGETED_DEVICE_FAMILY = "1,2";
			};
			name = Release;
		};
/* End XCBuildConfiguration section */

/* Begin XCConfigurationList section */
		C6FC20162976FD19006D262A /* Build configuration list for PBXProject "youtubeClon" */ = {
			isa = XCConfigurationList;
			buildConfigurations = (
				C6FC202D2976FD1B006D262A /* Debug */,
				C6FC202E2976FD1B006D262A /* Release */,
			);
			defaultConfigurationIsVisible = 0;
			defaultConfigurationName = Release;
		};
		C6FC202F2976FD1B006D262A /* Build configuration list for PBXNativeTarget "youtubeClon" */ = {
			isa = XCConfigurationList;
			buildConfigurations = (
				C6FC20302976FD1B006D262A /* Debug */,
				C6FC20312976FD1B006D262A /* Release */,
			);
			defaultConfigurationIsVisible = 0;
			defaultConfigurationName = Release;
		};
/* End XCConfigurationList section */
	};
	rootObject = C6FC20132976FD19006D262A /* Project object */;
}
